
Microsoft Visual Studio Solution File, Format Version 12.00
# Visual Studio Version 16
VisualStudioVersion = 16.0.31515.178
MinimumVisualStudioVersion = 10.0.40219.1
Project("{9A19103F-16F7-4668-BE54-9A1E7A4F7556}") = "DutchTreat", "DutchTreat.csproj", "{96F7AAFB-C8AA-45F8-B658-10499AFCBEB5}"
EndProject
Global
	GlobalSection(SolutionConfigurationPlatforms) = preSolution
		Debug|Any CPU = Debug|Any CPU
		Release|Any CPU = Release|Any CPU
	EndGlobalSection
	GlobalSection(ProjectConfigurationPlatforms) = postSolution
		{96F7AAFB-C8AA-45F8-B658-10499AFCBEB5}.Debug|Any CPU.ActiveCfg = Debug|Any CPU
		{96F7AAFB-C8AA-45F8-B658-10499AFCBEB5}.Debug|Any CPU.Build.0 = Debug|Any CPU
		{96F7AAFB-C8AA-45F8-B658-10499AFCBEB5}.Release|Any CPU.ActiveCfg = Release|Any CPU
		{96F7AAFB-C8AA-45F8-B658-10499AFCBEB5}.Release|Any CPU.Build.0 = Release|Any CPU
	EndGlobalSection
	GlobalSection(SolutionProperties) = preSolution
		HideSolutionNode = FALSE
	EndGlobalSection
	GlobalSection(ExtensibilityGlobals) = postSolution
		SolutionGuid = {7CD55910-E713-479E-BAFC-07DB93AADC96}
	EndGlobalSection
EndGlobal
